
Microsoft Visual Studio Solution File, Format Version 12.00
# Visual Studio Version 17
VisualStudioVersion = 17.0.31903.59
MinimumVisualStudioVersion = 10.0.40219.1
Project("{FAE04EC0-301F-11D3-BF4B-00C04F79EFBC}") = "MultiCurrencyMoney", "MultiCurrencyMoney\MultiCurrencyMoney.csproj", "{D54472C5-D9A6-4CD6-A804-3BBBCF02F1F3}"
EndProject
Project("{FAE04EC0-301F-11D3-BF4B-00C04F79EFBC}") = "MultiCurrencyMoney.Tests", "MultiCurrencyMoney.Tests\MultiCurrencyMoney.Tests.csproj", "{418AAF2D-018F-45A1-95B2-D396CF5B49DF}"
EndProject
Global
	GlobalSection(SolutionConfigurationPlatforms) = preSolution
		Debug|Any CPU = Debug|Any CPU
		Release|Any CPU = Release|Any CPU
	EndGlobalSection
	GlobalSection(SolutionProperties) = preSolution
		HideSolutionNode = FALSE
	EndGlobalSection
	GlobalSection(ProjectConfigurationPlatforms) = postSolution
		{D54472C5-D9A6-4CD6-A804-3BBBCF02F1F3}.Debug|Any CPU.ActiveCfg = Debug|Any CPU
		{D54472C5-D9A6-4CD6-A804-3BBBCF02F1F3}.Debug|Any CPU.Build.0 = Debug|Any CPU
		{D54472C5-D9A6-4CD6-A804-3BBBCF02F1F3}.Release|Any CPU.ActiveCfg = Release|Any CPU
		{D54472C5-D9A6-4CD6-A804-3BBBCF02F1F3}.Release|Any CPU.Build.0 = Release|Any CPU
		{418AAF2D-018F-45A1-95B2-D396CF5B49DF}.Debug|Any CPU.ActiveCfg = Debug|Any CPU
		{418AAF2D-018F-45A1-95B2-D396CF5B49DF}.Debug|Any CPU.Build.0 = Debug|Any CPU
		{418AAF2D-018F-45A1-95B2-D396CF5B49DF}.Release|Any CPU.ActiveCfg = Release|Any CPU
		{418AAF2D-018F-45A1-95B2-D396CF5B49DF}.Release|Any CPU.Build.0 = Release|Any CPU
	EndGlobalSection
EndGlobal
